github.com/cdzombak/gotfy v1.1.0 h1:i0F3xIhJW2Lobd8HYewcyhp4ItJNlJ7JlzUWkiVlcgg=
github.com/cdzombak/gotfy v1.1.0/go.mod h1:80pdghg/NV7evkQNipZzhUa/oHjdhbXwBGGVOe4T0UM=
github.com/davecgh/go-spew v1.1.1 h1:vj9j/u1bqnvCEfJOwUhtlOARqs3+rkHYY13jYWTU97c=
github.com/go-test/deep v1.1.0 h1:WOcxcdHcvdgThNXjw0t76K42FXTU7HpNQWHpA2HHNlg=
github.com/go-test/deep v1.1.0/go.mod h1:5C2ZWiW0ErCdrYzpqxLbTX7MG14M9iiw8DgHncVwcsE=
github.com/oraoto/go-pidfd v0.1.1 h1:57gTETdUGYpFwRKoKph8ffgeps89DF2qlfxBFdfkHiA=
github.com/oraoto/go-pidfd v0.1.1/go.mod h1:gPWelSU60MvzRX+ToMlKj9lZRkeqybg6qy8cy4+rZWE=
github.com/pmezard/go-difflib v1.0.0 h1:4DBwDE0NGyQoBHbLQYPwSUPoCMWR5BEzIk/f1lZbAQM=
github.com/stretchr/testify v1.9.0 h1:HtqpIVDClZ4nwg75+f6Lvsy/wHu+3BoSGCbBAcpTsTg=
github.com/toorop/go-dkim v0.0.0-20201103131630-e1cd1a0a5208/go.mod h1:BzWtXXrXzZUvMacR0oF/fbDDgUPO8L36tDMmRAf14ns=
github.com/toorop/go-dkim v0.0.0-20240103092955-90b7d1423f92 h1:flbMkdl6HxQkLs6DDhH1UkcnFpNBOu70391STjMS0O4=
github.com/toorop/go-dkim v0.0.0-20240103092955-90b7d1423f92/go.mod h1:BzWtXXrXzZUvMacR0oF/fbDDgUPO8L36tDMmRAf14ns=
github.com/xhit/go-simple-mail/v2 v2.16.0 h1:ouGy/Ww4kuaqu2E2UrDw7SvLaziWTB60ICLkIkNVccA=
github.com/xhit/go-simple-mail/v2 v2.16.0/go.mod h1:b7P5ygho6SYE+VIqpxA6QkYfv4teeyG4MKqB3utRu98=
gopkg.in/yaml.v3 v3.0.1 h1:fxVm/GzAzEWqLHuvctI91KS9hhNmmWOoWu0XTYJS7CA=
